
Microsoft Visual Studio Solution File, Format Version 12.00
# Visual Studio Version 17
VisualStudioVersion = 17.2.32505.173
MinimumVisualStudioVersion = 10.0.40219.1
Project("{FAE04EC0-301F-11D3-BF4B-00C04F79EFBC}") = "CheckZalo", "CheckZalo\CheckZalo.csproj", "{A27D331A-AB57-45F4-B3FF-AB42C7F866D5}"
EndProject
Global
	GlobalSection(SolutionConfigurationPlatforms) = preSolution
		Debug|Any CPU = Debug|Any CPU
		Release|Any CPU = Release|Any CPU
	EndGlobalSection
	GlobalSection(ProjectConfigurationPlatforms) = postSolution
		{A27D331A-AB57-45F4-B3FF-AB42C7F866D5}.Debug|Any CPU.ActiveCfg = Debug|Any CPU
		{A27D331A-AB57-45F4-B3FF-AB42C7F866D5}.Debug|Any CPU.Build.0 = Debug|Any CPU
		{A27D331A-AB57-45F4-B3FF-AB42C7F866D5}.Release|Any CPU.ActiveCfg = Release|Any CPU
		{A27D331A-AB57-45F4-B3FF-AB42C7F866D5}.Release|Any CPU.Build.0 = Release|Any CPU
	EndGlobalSection
	GlobalSection(SolutionProperties) = preSolution
		HideSolutionNode = FALSE
	EndGlobalSection
	GlobalSection(ExtensibilityGlobals) = postSolution
		SolutionGuid = {CEF04349-868E-4971-B8B6-FE60E7E49FEA}
	EndGlobalSection
EndGlobal
